
Microsoft Visual Studio Solution File, Format Version 12.00
# Visual Studio Version 16
VisualStudioVersion = 16.0.30104.148
MinimumVisualStudioVersion = 10.0.40219.1
Project("{FAE04EC0-301F-11D3-BF4B-00C04F79EFBC}") = "AppLogger", "AppLogger.csproj", "{0B7D96F2-34B6-4DA6-A624-D1B615DF196C}"
EndProject
Global
	GlobalSection(SolutionConfigurationPlatforms) = preSolution
		Debug|Any CPU = Debug|Any CPU
		Release|Any CPU = Release|Any CPU
	EndGlobalSection
	GlobalSection(ProjectConfigurationPlatforms) = postSolution
		{0B7D96F2-34B6-4DA6-A624-D1B615DF196C}.Debug|Any CPU.ActiveCfg = Debug|Any CPU
		{0B7D96F2-34B6-4DA6-A624-D1B615DF196C}.Debug|Any CPU.Build.0 = Debug|Any CPU
		{0B7D96F2-34B6-4DA6-A624-D1B615DF196C}.Release|Any CPU.ActiveCfg = Release|Any CPU
		{0B7D96F2-34B6-4DA6-A624-D1B615DF196C}.Release|Any CPU.Build.0 = Release|Any CPU
	EndGlobalSection
	GlobalSection(SolutionProperties) = preSolution
		HideSolutionNode = FALSE
	EndGlobalSection
	GlobalSection(ExtensibilityGlobals) = postSolution
		SolutionGuid = {84C5A2D4-4127-4A8E-BC92-AC8452FD3683}
	EndGlobalSection
EndGlobal
